
Microsoft Visual Studio Solution File, Format Version 12.00
# Visual Studio Version 17
VisualStudioVersion = 17.9.34728.123
MinimumVisualStudioVersion = 10.0.40219.1
Project("{9A19103F-16F7-4668-BE54-9A1E7A4F7556}") = "GarageManager", "GarageManager\GarageManager.csproj", "{C3587BB0-CF5B-426B-A958-94C2EAE15CF7}"
EndProject
Project("{9A19103F-16F7-4668-BE54-9A1E7A4F7556}") = "GarageManager.Tests", "GarageManager.Tests\GarageManager.Tests.csproj", "{93939ECE-384E-47FB-A52B-8FFE734CF43F}"
EndProject
Global
	GlobalSection(SolutionConfigurationPlatforms) = preSolution
		Debug|Any CPU = Debug|Any CPU
		Release|Any CPU = Release|Any CPU
	EndGlobalSection
	GlobalSection(ProjectConfigurationPlatforms) = postSolution
		{C3587BB0-CF5B-426B-A958-94C2EAE15CF7}.Debug|Any CPU.ActiveCfg = Debug|Any CPU
		{C3587BB0-CF5B-426B-A958-94C2EAE15CF7}.Debug|Any CPU.Build.0 = Debug|Any CPU
		{C3587BB0-CF5B-426B-A958-94C2EAE15CF7}.Release|Any CPU.ActiveCfg = Release|Any CPU
		{C3587BB0-CF5B-426B-A958-94C2EAE15CF7}.Release|Any CPU.Build.0 = Release|Any CPU
		{93939ECE-384E-47FB-A52B-8FFE734CF43F}.Debug|Any CPU.ActiveCfg = Debug|Any CPU
		{93939ECE-384E-47FB-A52B-8FFE734CF43F}.Debug|Any CPU.Build.0 = Debug|Any CPU
		{93939ECE-384E-47FB-A52B-8FFE734CF43F}.Release|Any CPU.ActiveCfg = Release|Any CPU
		{93939ECE-384E-47FB-A52B-8FFE734CF43F}.Release|Any CPU.Build.0 = Release|Any CPU
	EndGlobalSection
	GlobalSection(SolutionProperties) = preSolution
		HideSolutionNode = FALSE
	EndGlobalSection
	GlobalSection(ExtensibilityGlobals) = postSolution
		SolutionGuid = {99679493-80DE-47D5-9DF0-52AB683CB225}
	EndGlobalSection
EndGlobal
